#
# This file is autogenerated by pip-compile with Python 3.12
# by the following command:
#
#    pip-compile --output-file=requirements.lock --strip-extras requirements.txt
#
annotated-types==0.7.0
    # via pydantic
beautifulsoup4==4.15.0
    # via -r requirements.txt
certifi==2026.6.17
    # via requests
charset-normalizer==3.4.7
    # via
    #   reportlab
    #   requests
click==8.4.1
    # via -r requirements.txt
colorama==0.4.6
    # via click
defusedxml==0.7.1
    # via -r requirements.txt
et-xmlfile==2.0.0
    # via openpyxl
feedparser==6.0.12
    # via -r requirements.txt
greenlet==3.5.2
    # via playwright
idna==3.18
    # via requests
jinja2==3.1.6
    # via -r requirements.txt
markdown-it-py==4.2.0
    # via rich
markupsafe==3.0.3
    # via jinja2
mdurl==0.1.2
    # via markdown-it-py
openpyxl==3.1.5
    # via -r requirements.txt
pillow==12.3.0
    # via
    #   -r requirements.txt
    #   reportlab
playwright==1.60.0
    # via -r requirements.txt
pydantic==2.13.4
    # via -r requirements.txt
pydantic-core==2.46.4
    # via pydantic
pyee==13.0.1
    # via playwright
pygments==2.20.0
    # via rich
python-dateutil==2.9.0.post0
    # via -r requirements.txt
rapidfuzz==3.14.5
    # via -r requirements.txt
reportlab==4.5.1
    # via -r requirements.txt
requests==2.34.2
    # via -r requirements.txt
rich==14.3.4
    # via -r requirements.txt
sgmllib3k==1.0.0
    # via feedparser
six==1.17.0
    # via python-dateutil
soupsieve==2.8.4
    # via beautifulsoup4
typing-extensions==4.15.0
    # via
    #   beautifulsoup4
    #   pydantic
    #   pydantic-core
    #   pyee
    #   typing-inspection
typing-inspection==0.4.2
    # via pydantic
urllib3==2.7.0
    # via requests
